
Microsoft Visual Studio Solution File, Format Version 12.00
# Visual Studio 15
VisualStudioVersion = 15.0.27130.2027
MinimumVisualStudioVersion = 10.0.40219.1
Project("{FAE04EC0-301F-11D3-BF4B-00C04F79EFBC}") = "ConvertToRoman.Console", "ConvertToRoman.Console\ConvertToRoman.Console.csproj", "{B451F2F4-5F23-480E-9835-DD5059AC690E}"
EndProject
Project("{FAE04EC0-301F-11D3-BF4B-00C04F79EFBC}") = "ConvertToRoman.Service", "ConvertToRoman.Service\ConvertToRoman.Service.csproj", "{C676C794-9AF3-401D-9CBA-CFABED409C40}"
EndProject
Project("{FAE04EC0-301F-11D3-BF4B-00C04F79EFBC}") = "ConvertToRoman.Tests", "ConvertToRoman.Tests\ConvertToRoman.Tests.csproj", "{A54C8DB5-BC0F-4B00-8A62-D218A360087A}"
EndProject
Global
	GlobalSection(SolutionConfigurationPlatforms) = preSolution
		Debug|Any CPU = Debug|Any CPU
		Release|Any CPU = Release|Any CPU
	EndGlobalSection
	GlobalSection(ProjectConfigurationPlatforms) = postSolution
		{B451F2F4-5F23-480E-9835-DD5059AC690E}.Debug|Any CPU.ActiveCfg = Debug|Any CPU
		{B451F2F4-5F23-480E-9835-DD5059AC690E}.Debug|Any CPU.Build.0 = Debug|Any CPU
		{B451F2F4-5F23-480E-9835-DD5059AC690E}.Release|Any CPU.ActiveCfg = Release|Any CPU
		{B451F2F4-5F23-480E-9835-DD5059AC690E}.Release|Any CPU.Build.0 = Release|Any CPU
		{C676C794-9AF3-401D-9CBA-CFABED409C40}.Debug|Any CPU.ActiveCfg = Debug|Any CPU
		{C676C794-9AF3-401D-9CBA-CFABED409C40}.Debug|Any CPU.Build.0 = Debug|Any CPU
		{C676C794-9AF3-401D-9CBA-CFABED409C40}.Release|Any CPU.ActiveCfg = Release|Any CPU
		{C676C794-9AF3-401D-9CBA-CFABED409C40}.Release|Any CPU.Build.0 = Release|Any CPU
		{A54C8DB5-BC0F-4B00-8A62-D218A360087A}.Debug|Any CPU.ActiveCfg = Debug|Any CPU
		{A54C8DB5-BC0F-4B00-8A62-D218A360087A}.Debug|Any CPU.Build.0 = Debug|Any CPU
		{A54C8DB5-BC0F-4B00-8A62-D218A360087A}.Release|Any CPU.ActiveCfg = Release|Any CPU
		{A54C8DB5-BC0F-4B00-8A62-D218A360087A}.Release|Any CPU.Build.0 = Release|Any CPU
	EndGlobalSection
	GlobalSection(SolutionProperties) = preSolution
		HideSolutionNode = FALSE
	EndGlobalSection
	GlobalSection(ExtensibilityGlobals) = postSolution
		SolutionGuid = {D0DD6796-A465-4ACB-9A98-3640ED3D6534}
	EndGlobalSection
EndGlobal
